# This file is autogenerated, do not edit; changes may be undone by the next 'dep ensure'.


[[projects]]
  digest = "1:ebbafafb9f73ce092fd59c81323a99f3b8e552dcc2ef1104b40abee66e004506"
  name = "github.com/aws/aws-sdk-go"
  packages = [
    "aws",
    "aws/awserr",
    "aws/awsutil",
    "aws/client",
    "aws/client/metadata",
    "aws/corehandlers",
    "aws/credentials",
    "aws/credentials/ec2rolecreds",
    "aws/credentials/endpointcreds",
    "aws/credentials/stscreds",
    "aws/csm",
    "aws/defaults",
    "aws/ec2metadata",
    "aws/endpoints",
    "aws/request",
    "aws/session",
    "aws/signer/v4",
    "internal/sdkio",
    "internal/sdkrand",
    "internal/sdkuri",
    "internal/shareddefaults",
    "private/protocol",
    "private/protocol/json/jsonutil",
    "private/protocol/jsonrpc",
    "private/protocol/query",
    "private/protocol/query/queryutil",
    "private/protocol/rest",
    "private/protocol/xml/xmlutil",
    "service/ssm",
    "service/sts",
  ]
  pruneopts = "UT"
  revision = "2324d8a7db41970a80d19791bd30b94f632ce0cc"
  version = "v1.15.58"

[[projects]]
  digest = "1:ffe9824d294da03b391f44e1ae8281281b4afc1bdaa9588c9097785e3af10cec"
  name = "github.com/davecgh/go-spew"
  packages = ["spew"]
  pruneopts = "UT"
  revision = "8991bc29aa16c548c550c7ff78260e27b9ab7c73"
  version = "v1.1.1"

[[projects]]
  digest = "1:15e27372d379b45b18ac917b9dafc45c45485239490ece18cca97a12f9591146"
  name = "github.com/go-ini/ini"
  packages = ["."]
  pruneopts = "UT"
  revision = "9c8236e659b76e87bf02044d06fde8683008ff3e"
  version = "v1.39.0"

[[projects]]
  digest = "1:ce579162ae1341f3e5ab30c0dce767f28b1eb6a81359aad01723f1ba6b4becdf"
  name = "github.com/gofrs/uuid"
  packages = ["."]
  pruneopts = "UT"
  revision = "370558f003bfe29580cd0f698d8640daccdcc45c"
  version = "v3.1.1"

[[projects]]
  digest = "1:3a26588bc48b96825977c1b3df964f8fd842cd6860cc26370588d3563433cf11"
  name = "github.com/google/uuid"
  packages = ["."]
  pruneopts = "UT"
  revision = "d460ce9f8df2e77fb1ba55ca87fafed96c607494"
  version = "v1.0.0"

[[projects]]
  branch = "master"
  digest = "1:8ec8d88c248041a6df5f6574b87bc00e7e0b493881dad2e7ef47b11dc69093b5"
  name = "github.com/hashicorp/golang-lru"
  packages = [
    ".",
    "simplelru",
  ]
  pruneopts = "UT"
  revision = "20f1fb78b0740ba8c3cb143a61e86ba5c8669768"

[[projects]]
  digest = "1:8dfbec76b4834d96c37ba4c4969fc47c9a15e67c5a7eecfa031fbe67dab50429"
  name = "github.com/jackc/pgx"
  packages = [
    ".",
    "chunkreader",
    "internal/sanitize",
    "pgio",
    "pgproto3",
    "pgtype",
  ]
  pruneopts = "UT"
  revision = "89f1e6ac7276b61d885db5e5aed6fcbedd1c7e31"
  version = "v3.2.0"

[[projects]]
  digest = "1:e22af8c7518e1eab6f2eab2b7d7558927f816262586cd6ed9f349c97a6c285c4"
  name = "github.com/jmespath/go-jmespath"
  packages = ["."]
  pruneopts = "UT"
  revision = "0b12d6b5"

[[projects]]
  digest = "1:8ef506fc2bb9ced9b151dafa592d4046063d744c646c1bbe801982ce87e4bc24"
  name = "github.com/lib/pq"
  packages = [
    ".",
    "oid",
  ]
  pruneopts = "UT"
  revision = "4ded0e9383f75c197b3a2aaa6d590ac52df6fd79"
  version = "v1.0.0"

[[projects]]
  branch = "master"
  digest = "1:184de4265c1e424dbce6b37558282041f94ba918572eb233b121cc9b575c2451"
  name = "github.com/linkai-io/am"
  packages = [
    "am",
    "pkg/auth",
    "pkg/auth/ladonauth",
    "pkg/secrets",
  ]
  pruneopts = "UT"
  revision = "6c75ebab0b7cab3fec0b6ebb3de67d58aaecba96"

[[projects]]
  digest = "1:7188771d3da3b536a4b5d1eaae497b40911222761bb48f835bb71dd28c5ef5a0"
  name = "github.com/ory/ladon"
  packages = [
    ".",
    "compiler",
  ]
  pruneopts = "UT"
  revision = "76e069e27b002d186005c14b1f1b86472cc209f2"
  version = "v0.8.10"

[[projects]]
  digest = "1:e5d0bd87abc2781d14e274807a470acd180f0499f8bf5bb18606e9ec22ad9de9"
  name = "github.com/pborman/uuid"
  packages = ["."]
  pruneopts = "UT"
  revision = "adf5a7427709b9deb95d29d3fa8a2bf9cfd388f1"
  version = "v1.2"

[[projects]]
  digest = "1:40e195917a951a8bf867cd05de2a46aaf1806c50cf92eebf4c16f78cd196f747"
  name = "github.com/pkg/errors"
  packages = ["."]
  pruneopts = "UT"
  revision = "645ef00459ed84a119197bfb8d8205042c6df63d"
  version = "v0.8.0"

[[projects]]
  digest = "1:0028cb19b2e4c3112225cd871870f2d9cf49b9b4276531f03438a88e94be86fe"
  name = "github.com/pmezard/go-difflib"
  packages = ["difflib"]
  pruneopts = "UT"
  revision = "792786c7400a136282c1664665ae0a8db921c6c2"
  version = "v1.0.0"

[[projects]]
  digest = "1:65c6401efaeb147041aed03d5b18862ce666a54e4ce754ea6ddbfa5ddaa24b07"
  name = "github.com/pressly/goose"
  packages = ["."]
  pruneopts = "UT"
  revision = "95600eb369b1f657efd54a401ab85d0647a1db80"
  version = "v2.3.0"

[[projects]]
  digest = "1:c40d65817cdd41fac9aa7af8bed56927bb2d6d47e4fea566a74880f5c2b1c41e"
  name = "github.com/stretchr/testify"
  packages = [
    "assert",
    "require",
  ]
  pruneopts = "UT"
  revision = "f35b8ab0b5a2cef36673838d662e249dd9c94686"
  version = "v1.2.2"

[solve-meta]
  analyzer-name = "dep"
  analyzer-version = 1
  input-imports = [
    "github.com/gofrs/uuid",
    "github.com/jackc/pgx",
    "github.com/lib/pq",
    "github.com/linkai-io/am/am",
    "github.com/linkai-io/am/pkg/auth/ladonauth",
    "github.com/linkai-io/am/pkg/secrets",
    "github.com/ory/ladon",
    "github.com/pressly/goose",
  ]
  solver-name = "gps-cdcl"
  solver-version = 1
